
Microsoft Visual Studio Solution File, Format Version 12.00
# Visual Studio Version 16
VisualStudioVersion = 16.0.30204.135
MinimumVisualStudioVersion = 10.0.40219.1
Project("{9A19103F-16F7-4668-BE54-9A1E7A4F7556}") = "CapMonsterNet", "CapMonsterNet\CapMonsterNet.csproj", "{0864C749-B1A0-4E7E-8431-5314C9CFBF76}"
EndProject
Project("{FAE04EC0-301F-11D3-BF4B-00C04F79EFBC}") = "CapMonsterNet.Example", "CapMonsterNet.Example\CapMonsterNet.Example.csproj", "{919D4BB8-8254-4D70-B5B9-0F3AD550135A}"
EndProject
Global
	GlobalSection(SolutionConfigurationPlatforms) = preSolution
		Debug|Any CPU = Debug|Any CPU
		Release|Any CPU = Release|Any CPU
	EndGlobalSection
	GlobalSection(ProjectConfigurationPlatforms) = postSolution
		{0864C749-B1A0-4E7E-8431-5314C9CFBF76}.Debug|Any CPU.ActiveCfg = Debug|Any CPU
		{0864C749-B1A0-4E7E-8431-5314C9CFBF76}.Debug|Any CPU.Build.0 = Debug|Any CPU
		{0864C749-B1A0-4E7E-8431-5314C9CFBF76}.Release|Any CPU.ActiveCfg = Release|Any CPU
		{0864C749-B1A0-4E7E-8431-5314C9CFBF76}.Release|Any CPU.Build.0 = Release|Any CPU
		{919D4BB8-8254-4D70-B5B9-0F3AD550135A}.Debug|Any CPU.ActiveCfg = Debug|Any CPU
		{919D4BB8-8254-4D70-B5B9-0F3AD550135A}.Debug|Any CPU.Build.0 = Debug|Any CPU
		{919D4BB8-8254-4D70-B5B9-0F3AD550135A}.Release|Any CPU.ActiveCfg = Release|Any CPU
		{919D4BB8-8254-4D70-B5B9-0F3AD550135A}.Release|Any CPU.Build.0 = Release|Any CPU
	EndGlobalSection
	GlobalSection(SolutionProperties) = preSolution
		HideSolutionNode = FALSE
	EndGlobalSection
	GlobalSection(ExtensibilityGlobals) = postSolution
		SolutionGuid = {3B0DD781-AB6D-4555-9C0E-0442D90ADD46}
	EndGlobalSection
EndGlobal
